
Microsoft Visual Studio Solution File, Format Version 12.00
# Visual Studio 15
VisualStudioVersion = 15.0.28307.271
MinimumVisualStudioVersion = 10.0.40219.1
Project("{FAE04EC0-301F-11D3-BF4B-00C04F79EFBC}") = "GesReserv", "GesReserv\GesReserv.csproj", "{3CD76337-AD29-4090-80FB-50342E037C7F}"
EndProject
Global
	GlobalSection(SolutionConfigurationPlatforms) = preSolution
		Debug|Any CPU = Debug|Any CPU
		Release|Any CPU = Release|Any CPU
	EndGlobalSection
	GlobalSection(ProjectConfigurationPlatforms) = postSolution
		{3CD76337-AD29-4090-80FB-50342E037C7F}.Debug|Any CPU.ActiveCfg = Debug|Any CPU
		{3CD76337-AD29-4090-80FB-50342E037C7F}.Debug|Any CPU.Build.0 = Debug|Any CPU
		{3CD76337-AD29-4090-80FB-50342E037C7F}.Release|Any CPU.ActiveCfg = Release|Any CPU
		{3CD76337-AD29-4090-80FB-50342E037C7F}.Release|Any CPU.Build.0 = Release|Any CPU
	EndGlobalSection
	GlobalSection(SolutionProperties) = preSolution
		HideSolutionNode = FALSE
	EndGlobalSection
	GlobalSection(ExtensibilityGlobals) = postSolution
		SolutionGuid = {CD3A1A51-4061-4AEE-AEA8-4EBC84F23376}
	EndGlobalSection
EndGlobal
